
Microsoft Visual Studio Solution File, Format Version 12.00
# Visual Studio 15
VisualStudioVersion = 15.0.27004.2009
MinimumVisualStudioVersion = 10.0.40219.1
Project("{FAE04EC0-301F-11D3-BF4B-00C04F79EFBC}") = "PoolApp", "PoolApp\PoolApp.csproj", "{72222262-9BC1-4897-A3B5-A97088F7BFA3}"
EndProject
Global
	GlobalSection(SolutionConfigurationPlatforms) = preSolution
		Debug|Any CPU = Debug|Any CPU
		Release|Any CPU = Release|Any CPU
	EndGlobalSection
	GlobalSection(ProjectConfigurationPlatforms) = postSolution
		{72222262-9BC1-4897-A3B5-A97088F7BFA3}.Debug|Any CPU.ActiveCfg = Debug|Any CPU
		{72222262-9BC1-4897-A3B5-A97088F7BFA3}.Debug|Any CPU.Build.0 = Debug|Any CPU
		{72222262-9BC1-4897-A3B5-A97088F7BFA3}.Release|Any CPU.ActiveCfg = Release|Any CPU
		{72222262-9BC1-4897-A3B5-A97088F7BFA3}.Release|Any CPU.Build.0 = Release|Any CPU
	EndGlobalSection
	GlobalSection(SolutionProperties) = preSolution
		HideSolutionNode = FALSE
	EndGlobalSection
	GlobalSection(ExtensibilityGlobals) = postSolution
		SolutionGuid = {3ACCF607-EF90-43F4-8FF1-A26B582F84AB}
	EndGlobalSection
EndGlobal
